
Microsoft Visual Studio Solution File, Format Version 12.00
# Visual Studio Version 17
VisualStudioVersion = 17.4.33213.308
MinimumVisualStudioVersion = 10.0.40219.1
Project("{F184B08F-C81C-45F6-A57F-5ABD9991F28F}") = "Employee Management system1", "Employee Management system1\Employee Management system1.vbproj", "{8CE54C92-07CB-4EC3-9C6D-D3C959D41E91}"
EndProject
Global
	GlobalSection(SolutionConfigurationPlatforms) = preSolution
		Debug|Any CPU = Debug|Any CPU
		Release|Any CPU = Release|Any CPU
	EndGlobalSection
	GlobalSection(ProjectConfigurationPlatforms) = postSolution
		{8CE54C92-07CB-4EC3-9C6D-D3C959D41E91}.Debug|Any CPU.ActiveCfg = Debug|Any CPU
		{8CE54C92-07CB-4EC3-9C6D-D3C959D41E91}.Debug|Any CPU.Build.0 = Debug|Any CPU
		{8CE54C92-07CB-4EC3-9C6D-D3C959D41E91}.Release|Any CPU.ActiveCfg = Release|Any CPU
		{8CE54C92-07CB-4EC3-9C6D-D3C959D41E91}.Release|Any CPU.Build.0 = Release|Any CPU
	EndGlobalSection
	GlobalSection(SolutionProperties) = preSolution
		HideSolutionNode = FALSE
	EndGlobalSection
	GlobalSection(ExtensibilityGlobals) = postSolution
		SolutionGuid = {53549ADF-7DA4-4DF4-A9D7-38113DE907E4}
	EndGlobalSection
EndGlobal
